
Microsoft Visual Studio Solution File, Format Version 12.00
# Visual Studio 14
VisualStudioVersion = 14.0.24720.0
MinimumVisualStudioVersion = 10.0.40219.1
Project("{E24C65DC-7377-472B-9ABA-BC803B73C61A}") = "blogs", ".", "{2CC1E182-839F-4A9C-A5EE-9D4028EE7F01}"
	ProjectSection(WebsiteProperties) = preProject
		TargetFrameworkMoniker = ".NETFramework,Version%3Dv4.0"
		Debug.AspNetCompiler.VirtualPath = "/localhost_6756"
		Debug.AspNetCompiler.PhysicalPath = "..\blogs\"
		Debug.AspNetCompiler.TargetPath = "PrecompiledWeb\localhost_6756\"
		Debug.AspNetCompiler.Updateable = "true"
		Debug.AspNetCompiler.ForceOverwrite = "true"
		Debug.AspNetCompiler.FixedNames = "false"
		Debug.AspNetCompiler.Debug = "True"
		Release.AspNetCompiler.VirtualPath = "/localhost_6756"
		Release.AspNetCompiler.PhysicalPath = "..\blogs\"
		Release.AspNetCompiler.TargetPath = "PrecompiledWeb\localhost_6756\"
		Release.AspNetCompiler.Updateable = "true"
		Release.AspNetCompiler.ForceOverwrite = "true"
		Release.AspNetCompiler.FixedNames = "false"
		Release.AspNetCompiler.Debug = "False"
		VWDPort = "6756"
		SlnRelativePath = "..\blogs\"
	EndProjectSection
EndProject
Global
	GlobalSection(SolutionConfigurationPlatforms) = preSolution
		Debug|Any CPU = Debug|Any CPU
	EndGlobalSection
	GlobalSection(ProjectConfigurationPlatforms) = postSolution
		{2CC1E182-839F-4A9C-A5EE-9D4028EE7F01}.Debug|Any CPU.ActiveCfg = Debug|Any CPU
		{2CC1E182-839F-4A9C-A5EE-9D4028EE7F01}.Debug|Any CPU.Build.0 = Debug|Any CPU
	EndGlobalSection
	GlobalSection(SolutionProperties) = preSolution
		HideSolutionNode = FALSE
	EndGlobalSection
EndGlobal
